
Microsoft Visual Studio Solution File, Format Version 12.00
# Visual Studio Version 17
VisualStudioVersion = 17.12.35514.174
MinimumVisualStudioVersion = 10.0.40219.1
Project("{2150E333-8FDC-42A3-9474-1A3956D46DE8}") = "Task0", "Task0", "{AEB7CF6A-DF81-4AAC-B597-511A9F98C001}"
EndProject
Project("{FAE04EC0-301F-11D3-BF4B-00C04F79EFBC}") = "Tyuiu.SosninFM.Sprint6.Task0.V17.Lib", "Tyuiu.SosninFM.Sprint6.Task0.V17.Lib\Tyuiu.SosninFM.Sprint6.Task0.V17.Lib.csproj", "{3675AC96-6326-4254-B96A-15C786817709}"
EndProject
Project("{FAE04EC0-301F-11D3-BF4B-00C04F79EFBC}") = "Tyuiu.SosninFM.Sprint6.Task0.V17.Test", "Tyuiu.SosninFM.Sprint6.Task0.V17.Test\Tyuiu.SosninFM.Sprint6.Task0.V17.Test.csproj", "{820070B4-B70D-43B1-94C9-624586B8E1FC}"
EndProject
Project("{FAE04EC0-301F-11D3-BF4B-00C04F79EFBC}") = "Tyuiu.SosninFM.Sprint6.Task0.V17", "Tyuiu.SosninFM.Sprint6.Task0.V17\Tyuiu.SosninFM.Sprint6.Task0.V17.csproj", "{7599BD23-4806-4767-9735-BD0E529D8918}"
EndProject
Project("{2150E333-8FDC-42A3-9474-1A3956D46DE8}") = "Task1", "Task1", "{70601AAD-2951-46B1-94D0-ABC0DFF84794}"
EndProject
Project("{FAE04EC0-301F-11D3-BF4B-00C04F79EFBC}") = "Tyuiu.SosninFM.Sprint6.Task1.V27.Lib", "Tyuiu.SosninFM.Sprint6.Task1.V27.Lib\Tyuiu.SosninFM.Sprint6.Task1.V27.Lib.csproj", "{EBBBFAE7-3DC6-47CA-B3E8-E4B217FB3170}"
EndProject
Project("{FAE04EC0-301F-11D3-BF4B-00C04F79EFBC}") = "Tyuiu.SosninFM.Sprint6.Task1.V27.Test", "Tyuiu.SosninFM.Sprint6.Task1.V27.Test\Tyuiu.SosninFM.Sprint6.Task1.V27.Test.csproj", "{87968D1F-A0E5-4712-995B-F5446A0956D0}"
EndProject
Project("{FAE04EC0-301F-11D3-BF4B-00C04F79EFBC}") = "Tyuiu.SosninFM.Sprint6.Task1.V27", "Tyuiu.SosninFM.Sprint6.Task1.V27\Tyuiu.SosninFM.Sprint6.Task1.V27.csproj", "{5E4DCDEA-242B-4342-8B35-9774E368F998}"
EndProject
Project("{2150E333-8FDC-42A3-9474-1A3956D46DE8}") = "Task2", "Task2", "{55C60447-A585-4FCE-9CEB-5A243EFFC402}"
EndProject
Project("{FAE04EC0-301F-11D3-BF4B-00C04F79EFBC}") = "Tyuiu.SosninFM.Sprint6.Task2.V1", "Tyuiu.SosninFM.Sprint6.Task2.V1\Tyuiu.SosninFM.Sprint6.Task2.V1.csproj", "{51EF9BED-2C67-4228-B108-528D32BE41BE}"
EndProject
Project("{FAE04EC0-301F-11D3-BF4B-00C04F79EFBC}") = "Tyuiu.SosninFM.Sprint6.Task2.V1.Test", "Tyuiu.SosninFM.Sprint6.Task2.V1.Test\Tyuiu.SosninFM.Sprint6.Task2.V1.Test.csproj", "{B7BE204B-3CDA-4CDE-AF5C-A3DE6292EB1D}"
EndProject
Project("{FAE04EC0-301F-11D3-BF4B-00C04F79EFBC}") = "Tyuiu.SosninFM.Sprint6.Task2.V1.Lib", "Tyuiu.SosninFM.Sprint6.Task2.V1.Lib\Tyuiu.SosninFM.Sprint6.Task2.V1.Lib.csproj", "{B137F3C3-958C-4136-9BB6-D4803EAD9422}"
EndProject
Global
	GlobalSection(SolutionConfigurationPlatforms) = preSolution
		Debug|Any CPU = Debug|Any CPU
		Release|Any CPU = Release|Any CPU
	EndGlobalSection
	GlobalSection(ProjectConfigurationPlatforms) = postSolution
		{3675AC96-6326-4254-B96A-15C786817709}.Debug|Any CPU.ActiveCfg = Debug|Any CPU
		{3675AC96-6326-4254-B96A-15C786817709}.Debug|Any CPU.Build.0 = Debug|Any CPU
		{3675AC96-6326-4254-B96A-15C786817709}.Release|Any CPU.ActiveCfg = Release|Any CPU
		{3675AC96-6326-4254-B96A-15C786817709}.Release|Any CPU.Build.0 = Release|Any CPU
		{820070B4-B70D-43B1-94C9-624586B8E1FC}.Debug|Any CPU.ActiveCfg = Debug|Any CPU
		{820070B4-B70D-43B1-94C9-624586B8E1FC}.Debug|Any CPU.Build.0 = Debug|Any CPU
		{820070B4-B70D-43B1-94C9-624586B8E1FC}.Release|Any CPU.ActiveCfg = Release|Any CPU
		{820070B4-B70D-43B1-94C9-624586B8E1FC}.Release|Any CPU.Build.0 = Release|Any CPU
		{7599BD23-4806-4767-9735-BD0E529D8918}.Debug|Any CPU.ActiveCfg = Debug|Any CPU
		{7599BD23-4806-4767-9735-BD0E529D8918}.Debug|Any CPU.Build.0 = Debug|Any CPU
		{7599BD23-4806-4767-9735-BD0E529D8918}.Release|Any CPU.ActiveCfg = Release|Any CPU
		{7599BD23-4806-4767-9735-BD0E529D8918}.Release|Any CPU.Build.0 = Release|Any CPU
		{EBBBFAE7-3DC6-47CA-B3E8-E4B217FB3170}.Debug|Any CPU.ActiveCfg = Debug|Any CPU
		{EBBBFAE7-3DC6-47CA-B3E8-E4B217FB3170}.Debug|Any CPU.Build.0 = Debug|Any CPU
		{EBBBFAE7-3DC6-47CA-B3E8-E4B217FB3170}.Release|Any CPU.ActiveCfg = Release|Any CPU
		{EBBBFAE7-3DC6-47CA-B3E8-E4B217FB3170}.Release|Any CPU.Build.0 = Release|Any CPU
		{87968D1F-A0E5-4712-995B-F5446A0956D0}.Debug|Any CPU.ActiveCfg = Debug|Any CPU
		{87968D1F-A0E5-4712-995B-F5446A0956D0}.Debug|Any CPU.Build.0 = Debug|Any CPU
		{87968D1F-A0E5-4712-995B-F5446A0956D0}.Release|Any CPU.ActiveCfg = Release|Any CPU
		{87968D1F-A0E5-4712-995B-F5446A0956D0}.Release|Any CPU.Build.0 = Release|Any CPU
		{5E4DCDEA-242B-4342-8B35-9774E368F998}.Debug|Any CPU.ActiveCfg = Debug|Any CPU
		{5E4DCDEA-242B-4342-8B35-9774E368F998}.Debug|Any CPU.Build.0 = Debug|Any CPU
		{5E4DCDEA-242B-4342-8B35-9774E368F998}.Release|Any CPU.ActiveCfg = Release|Any CPU
		{5E4DCDEA-242B-4342-8B35-9774E368F998}.Release|Any CPU.Build.0 = Release|Any CPU
		{51EF9BED-2C67-4228-B108-528D32BE41BE}.Debug|Any CPU.ActiveCfg = Debug|Any CPU
		{51EF9BED-2C67-4228-B108-528D32BE41BE}.Debug|Any CPU.Build.0 = Debug|Any CPU
		{51EF9BED-2C67-4228-B108-528D32BE41BE}.Release|Any CPU.ActiveCfg = Release|Any CPU
		{51EF9BED-2C67-4228-B108-528D32BE41BE}.Release|Any CPU.Build.0 = Release|Any CPU
		{B7BE204B-3CDA-4CDE-AF5C-A3DE6292EB1D}.Debug|Any CPU.ActiveCfg = Debug|Any CPU
		{B7BE204B-3CDA-4CDE-AF5C-A3DE6292EB1D}.Debug|Any CPU.Build.0 = Debug|Any CPU
		{B7BE204B-3CDA-4CDE-AF5C-A3DE6292EB1D}.Release|Any CPU.ActiveCfg = Release|Any CPU
		{B7BE204B-3CDA-4CDE-AF5C-A3DE6292EB1D}.Release|Any CPU.Build.0 = Release|Any CPU
		{B137F3C3-958C-4136-9BB6-D4803EAD9422}.Debug|Any CPU.ActiveCfg = Debug|Any CPU
		{B137F3C3-958C-4136-9BB6-D4803EAD9422}.Debug|Any CPU.Build.0 = Debug|Any CPU
		{B137F3C3-958C-4136-9BB6-D4803EAD9422}.Release|Any CPU.ActiveCfg = Release|Any CPU
		{B137F3C3-958C-4136-9BB6-D4803EAD9422}.Release|Any CPU.Build.0 = Release|Any CPU
	EndGlobalSection
	GlobalSection(SolutionProperties) = preSolution
		HideSolutionNode = FALSE
	EndGlobalSection
	GlobalSection(NestedProjects) = preSolution
		{3675AC96-6326-4254-B96A-15C786817709} = {AEB7CF6A-DF81-4AAC-B597-511A9F98C001}
		{820070B4-B70D-43B1-94C9-624586B8E1FC} = {AEB7CF6A-DF81-4AAC-B597-511A9F98C001}
		{7599BD23-4806-4767-9735-BD0E529D8918} = {AEB7CF6A-DF81-4AAC-B597-511A9F98C001}
		{EBBBFAE7-3DC6-47CA-B3E8-E4B217FB3170} = {70601AAD-2951-46B1-94D0-ABC0DFF84794}
		{87968D1F-A0E5-4712-995B-F5446A0956D0} = {70601AAD-2951-46B1-94D0-ABC0DFF84794}
		{5E4DCDEA-242B-4342-8B35-9774E368F998} = {70601AAD-2951-46B1-94D0-ABC0DFF84794}
		{51EF9BED-2C67-4228-B108-528D32BE41BE} = {55C60447-A585-4FCE-9CEB-5A243EFFC402}
		{B7BE204B-3CDA-4CDE-AF5C-A3DE6292EB1D} = {55C60447-A585-4FCE-9CEB-5A243EFFC402}
		{B137F3C3-958C-4136-9BB6-D4803EAD9422} = {55C60447-A585-4FCE-9CEB-5A243EFFC402}
	EndGlobalSection
EndGlobal
